
Microsoft Visual Studio Solution File, Format Version 12.00
# Visual Studio 14
VisualStudioVersion = 14.0.23107.0
MinimumVisualStudioVersion = 10.0.40219.1
Project("{FAE04EC0-301F-11D3-BF4B-00C04F79EFBC}") = "StudyConfiguration", "YellowTeam\StudyConfiguration.csproj", "{7267E2DC-918D-421A-95D2-D12C813D550C}"
EndProject
Project("{FAE04EC0-301F-11D3-BF4B-00C04F79EFBC}") = "StudyConfigurationBridge", "StudyConfigurationBridge\StudyConfigurationBridge.csproj", "{0D040780-497D-4721-9340-D886914372CD}"
EndProject
Project("{FAE04EC0-301F-11D3-BF4B-00C04F79EFBC}") = "ClientFacade", "ClientFacade\ClientFacade.csproj", "{ABB363EC-2269-4503-9BE2-BDB7B358DE2D}"
EndProject
Project("{FAE04EC0-301F-11D3-BF4B-00C04F79EFBC}") = "TeamCRUD", "TeamCRUD\TeamCRUD.csproj", "{746E92F8-F5BF-47D8-A47A-6EFCACE928EF}"
EndProject
Project("{FAE04EC0-301F-11D3-BF4B-00C04F79EFBC}") = "TaskManagement", "TeamManagement\TaskManagement.csproj", "{EB955CAE-DCA1-4767-8184-D4A8AC762074}"
EndProject
Project("{FAE04EC0-301F-11D3-BF4B-00C04F79EFBC}") = "StudyOverview", "StudyOverview\StudyOverview.csproj", "{DB5AB871-9919-4938-AD6D-8769D47DBE46}"
EndProject
Project("{FAE04EC0-301F-11D3-BF4B-00C04F79EFBC}") = "StorageManagement", "StorageManagement\StorageManagement.csproj", "{E313FAC6-C9A6-4DB0-967E-7FA14D6AF878}"
EndProject
Project("{FAE04EC0-301F-11D3-BF4B-00C04F79EFBC}") = "StorageServer", "StorageServer\StorageServer.csproj", "{E3964B5E-EFC2-4813-8F85-9C036E02517C}"
EndProject
Global
	GlobalSection(SolutionConfigurationPlatforms) = preSolution
		Debug|Any CPU = Debug|Any CPU
		Release|Any CPU = Release|Any CPU
	EndGlobalSection
	GlobalSection(ProjectConfigurationPlatforms) = postSolution
		{7267E2DC-918D-421A-95D2-D12C813D550C}.Debug|Any CPU.ActiveCfg = Debug|Any CPU
		{7267E2DC-918D-421A-95D2-D12C813D550C}.Debug|Any CPU.Build.0 = Debug|Any CPU
		{7267E2DC-918D-421A-95D2-D12C813D550C}.Release|Any CPU.ActiveCfg = Release|Any CPU
		{7267E2DC-918D-421A-95D2-D12C813D550C}.Release|Any CPU.Build.0 = Release|Any CPU
		{0D040780-497D-4721-9340-D886914372CD}.Debug|Any CPU.ActiveCfg = Debug|Any CPU
		{0D040780-497D-4721-9340-D886914372CD}.Debug|Any CPU.Build.0 = Debug|Any CPU
		{0D040780-497D-4721-9340-D886914372CD}.Release|Any CPU.ActiveCfg = Release|Any CPU
		{0D040780-497D-4721-9340-D886914372CD}.Release|Any CPU.Build.0 = Release|Any CPU
		{ABB363EC-2269-4503-9BE2-BDB7B358DE2D}.Debug|Any CPU.ActiveCfg = Debug|Any CPU
		{ABB363EC-2269-4503-9BE2-BDB7B358DE2D}.Debug|Any CPU.Build.0 = Debug|Any CPU
		{ABB363EC-2269-4503-9BE2-BDB7B358DE2D}.Release|Any CPU.ActiveCfg = Release|Any CPU
		{ABB363EC-2269-4503-9BE2-BDB7B358DE2D}.Release|Any CPU.Build.0 = Release|Any CPU
		{746E92F8-F5BF-47D8-A47A-6EFCACE928EF}.Debug|Any CPU.ActiveCfg = Debug|Any CPU
		{746E92F8-F5BF-47D8-A47A-6EFCACE928EF}.Debug|Any CPU.Build.0 = Debug|Any CPU
		{746E92F8-F5BF-47D8-A47A-6EFCACE928EF}.Release|Any CPU.ActiveCfg = Release|Any CPU
		{746E92F8-F5BF-47D8-A47A-6EFCACE928EF}.Release|Any CPU.Build.0 = Release|Any CPU
		{EB955CAE-DCA1-4767-8184-D4A8AC762074}.Debug|Any CPU.ActiveCfg = Debug|Any CPU
		{EB955CAE-DCA1-4767-8184-D4A8AC762074}.Debug|Any CPU.Build.0 = Debug|Any CPU
		{EB955CAE-DCA1-4767-8184-D4A8AC762074}.Release|Any CPU.ActiveCfg = Release|Any CPU
		{EB955CAE-DCA1-4767-8184-D4A8AC762074}.Release|Any CPU.Build.0 = Release|Any CPU
		{DB5AB871-9919-4938-AD6D-8769D47DBE46}.Debug|Any CPU.ActiveCfg = Debug|Any CPU
		{DB5AB871-9919-4938-AD6D-8769D47DBE46}.Debug|Any CPU.Build.0 = Debug|Any CPU
		{DB5AB871-9919-4938-AD6D-8769D47DBE46}.Release|Any CPU.ActiveCfg = Release|Any CPU
		{DB5AB871-9919-4938-AD6D-8769D47DBE46}.Release|Any CPU.Build.0 = Release|Any CPU
		{E313FAC6-C9A6-4DB0-967E-7FA14D6AF878}.Debug|Any CPU.ActiveCfg = Debug|Any CPU
		{E313FAC6-C9A6-4DB0-967E-7FA14D6AF878}.Debug|Any CPU.Build.0 = Debug|Any CPU
		{E313FAC6-C9A6-4DB0-967E-7FA14D6AF878}.Release|Any CPU.ActiveCfg = Release|Any CPU
		{E313FAC6-C9A6-4DB0-967E-7FA14D6AF878}.Release|Any CPU.Build.0 = Release|Any CPU
		{E3964B5E-EFC2-4813-8F85-9C036E02517C}.Debug|Any CPU.ActiveCfg = Debug|Any CPU
		{E3964B5E-EFC2-4813-8F85-9C036E02517C}.Debug|Any CPU.Build.0 = Debug|Any CPU
		{E3964B5E-EFC2-4813-8F85-9C036E02517C}.Release|Any CPU.ActiveCfg = Release|Any CPU
		{E3964B5E-EFC2-4813-8F85-9C036E02517C}.Release|Any CPU.Build.0 = Release|Any CPU
	EndGlobalSection
	GlobalSection(SolutionProperties) = preSolution
		HideSolutionNode = FALSE
	EndGlobalSection
EndGlobal
