
Microsoft Visual Studio Solution File, Format Version 12.00
# Visual Studio 14
VisualStudioVersion = 14.0.23107.0
MinimumVisualStudioVersion = 10.0.40219.1
Project("{FAE04EC0-301F-11D3-BF4B-00C04F79EFBC}") = "StudyConfiguration", "YellowTeam\StudyConfiguration.csproj", "{7267E2DC-918D-421A-95D2-D12C813D550C}"
EndProject
Project("{FAE04EC0-301F-11D3-BF4B-00C04F79EFBC}") = "StudyConfigurationBridge", "StudyConfigurationBridge\StudyConfigurationBridge.csproj", "{0D040780-497D-4721-9340-D886914372CD}"
EndProject
Project("{FAE04EC0-301F-11D3-BF4B-00C04F79EFBC}") = "ClientFacade", "ClientFacade\ClientFacade.csproj", "{ABB363EC-2269-4503-9BE2-BDB7B358DE2D}"
EndProject
Project("{FAE04EC0-301F-11D3-BF4B-00C04F79EFBC}") = "TeamCRUD", "TeamCRUD\TeamCRUD.csproj", "{746E92F8-F5BF-47D8-A47A-6EFCACE928EF}"
EndProject
Project("{FAE04EC0-301F-11D3-BF4B-00C04F79EFBC}") = "TaskManagement", "TeamManagement\TaskManagement.csproj", "{EB955CAE-DCA1-4767-8184-D4A8AC762074}"
EndProject
Project("{FAE04EC0-301F-11D3-BF4B-00C04F79EFBC}") = "StudyOverview", "StudyOverview\StudyOverview.csproj", "{DB5AB871-9919-4938-AD6D-8769D47DBE46}"
EndProject
Project("{FAE04EC0-301F-11D3-BF4B-00C04F79EFBC}") = "StorageManagement", "StorageManagement\StorageManagement.csproj", "{E313FAC6-C9A6-4DB0-967E-7FA14D6AF878}"
EndProject
Project("{FAE04EC0-301F-11D3-BF4B-00C04F79EFBC}") = "StorageServer", "StorageServer\StorageServer.csproj", "{E3964B5E-EFC2-4813-8F85-9C036E02517C}"
EndProject
Project("{2150E333-8FDC-42A3-9474-1A3956D46DE8}") = "Tests", "Tests", "{ED7860F7-46FC-4D9D-BE4D-B76EB572C92A}"
EndProject
Project("{FAE04EC0-301F-11D3-BF4B-00C04F79EFBC}") = "ClientFacadeTests", "ClientFacadeTests\ClientFacadeTests.csproj", "{A915539D-288E-47D6-9250-D65187E4FCEE}"
EndProject
Project("{FAE04EC0-301F-11D3-BF4B-00C04F79EFBC}") = "StorageManagementTests", "StorageManagementTests\StorageManagementTests.csproj", "{A61AB94F-3A06-42D9-BE9E-BC7BF57CA1CA}"
EndProject
Project("{FAE04EC0-301F-11D3-BF4B-00C04F79EFBC}") = "StorageServerTests", "StorageServerTests\StorageServerTests.csproj", "{6594F5DD-C735-42C7-BB74-2F6F6C6E8B05}"
EndProject
Project("{FAE04EC0-301F-11D3-BF4B-00C04F79EFBC}") = "StudyConfigurationTests", "StudyConfigurationTests\StudyConfigurationTests.csproj", "{351F13FD-969B-4E5B-899D-90D4E8C84736}"
EndProject
Project("{FAE04EC0-301F-11D3-BF4B-00C04F79EFBC}") = "StudyConfigurationBridgeTests", "StudyConfigurationBridgeTests\StudyConfigurationBridgeTests.csproj", "{19A4F3C5-BDF9-4A83-9B3F-1C176A9B69BD}"
EndProject
Project("{FAE04EC0-301F-11D3-BF4B-00C04F79EFBC}") = "StudyOverviewTests", "StudyOverviewTests\StudyOverviewTests.csproj", "{7B6A1F62-CD51-4C2C-829F-7CE6F5583537}"
EndProject
Project("{FAE04EC0-301F-11D3-BF4B-00C04F79EFBC}") = "TaskManagementTests", "TaskManagementTests\TaskManagementTests.csproj", "{992F3C27-CA41-4416-A71C-B744773EE0E3}"
EndProject
Project("{FAE04EC0-301F-11D3-BF4B-00C04F79EFBC}") = "TeamCRUDTests", "TeamCRUDTests\TeamCRUDTests.csproj", "{57D77567-BF7C-40C7-8A8E-AF272B186B16}"
EndProject
Global
	GlobalSection(SolutionConfigurationPlatforms) = preSolution
		Debug|Any CPU = Debug|Any CPU
		Release|Any CPU = Release|Any CPU
	EndGlobalSection
	GlobalSection(ProjectConfigurationPlatforms) = postSolution
		{7267E2DC-918D-421A-95D2-D12C813D550C}.Debug|Any CPU.ActiveCfg = Debug|Any CPU
		{7267E2DC-918D-421A-95D2-D12C813D550C}.Debug|Any CPU.Build.0 = Debug|Any CPU
		{7267E2DC-918D-421A-95D2-D12C813D550C}.Release|Any CPU.ActiveCfg = Release|Any CPU
		{7267E2DC-918D-421A-95D2-D12C813D550C}.Release|Any CPU.Build.0 = Release|Any CPU
		{0D040780-497D-4721-9340-D886914372CD}.Debug|Any CPU.ActiveCfg = Debug|Any CPU
		{0D040780-497D-4721-9340-D886914372CD}.Debug|Any CPU.Build.0 = Debug|Any CPU
		{0D040780-497D-4721-9340-D886914372CD}.Release|Any CPU.ActiveCfg = Release|Any CPU
		{0D040780-497D-4721-9340-D886914372CD}.Release|Any CPU.Build.0 = Release|Any CPU
		{ABB363EC-2269-4503-9BE2-BDB7B358DE2D}.Debug|Any CPU.ActiveCfg = Debug|Any CPU
		{ABB363EC-2269-4503-9BE2-BDB7B358DE2D}.Debug|Any CPU.Build.0 = Debug|Any CPU
		{ABB363EC-2269-4503-9BE2-BDB7B358DE2D}.Release|Any CPU.ActiveCfg = Release|Any CPU
		{ABB363EC-2269-4503-9BE2-BDB7B358DE2D}.Release|Any CPU.Build.0 = Release|Any CPU
		{746E92F8-F5BF-47D8-A47A-6EFCACE928EF}.Debug|Any CPU.ActiveCfg = Debug|Any CPU
		{746E92F8-F5BF-47D8-A47A-6EFCACE928EF}.Debug|Any CPU.Build.0 = Debug|Any CPU
		{746E92F8-F5BF-47D8-A47A-6EFCACE928EF}.Release|Any CPU.ActiveCfg = Release|Any CPU
		{746E92F8-F5BF-47D8-A47A-6EFCACE928EF}.Release|Any CPU.Build.0 = Release|Any CPU
		{EB955CAE-DCA1-4767-8184-D4A8AC762074}.Debug|Any CPU.ActiveCfg = Debug|Any CPU
		{EB955CAE-DCA1-4767-8184-D4A8AC762074}.Debug|Any CPU.Build.0 = Debug|Any CPU
		{EB955CAE-DCA1-4767-8184-D4A8AC762074}.Release|Any CPU.ActiveCfg = Release|Any CPU
		{EB955CAE-DCA1-4767-8184-D4A8AC762074}.Release|Any CPU.Build.0 = Release|Any CPU
		{DB5AB871-9919-4938-AD6D-8769D47DBE46}.Debug|Any CPU.ActiveCfg = Debug|Any CPU
		{DB5AB871-9919-4938-AD6D-8769D47DBE46}.Debug|Any CPU.Build.0 = Debug|Any CPU
		{DB5AB871-9919-4938-AD6D-8769D47DBE46}.Release|Any CPU.ActiveCfg = Release|Any CPU
		{DB5AB871-9919-4938-AD6D-8769D47DBE46}.Release|Any CPU.Build.0 = Release|Any CPU
		{E313FAC6-C9A6-4DB0-967E-7FA14D6AF878}.Debug|Any CPU.ActiveCfg = Debug|Any CPU
		{E313FAC6-C9A6-4DB0-967E-7FA14D6AF878}.Debug|Any CPU.Build.0 = Debug|Any CPU
		{E313FAC6-C9A6-4DB0-967E-7FA14D6AF878}.Release|Any CPU.ActiveCfg = Release|Any CPU
		{E313FAC6-C9A6-4DB0-967E-7FA14D6AF878}.Release|Any CPU.Build.0 = Release|Any CPU
		{E3964B5E-EFC2-4813-8F85-9C036E02517C}.Debug|Any CPU.ActiveCfg = Debug|Any CPU
		{E3964B5E-EFC2-4813-8F85-9C036E02517C}.Debug|Any CPU.Build.0 = Debug|Any CPU
		{E3964B5E-EFC2-4813-8F85-9C036E02517C}.Release|Any CPU.ActiveCfg = Release|Any CPU
		{E3964B5E-EFC2-4813-8F85-9C036E02517C}.Release|Any CPU.Build.0 = Release|Any CPU
		{A915539D-288E-47D6-9250-D65187E4FCEE}.Debug|Any CPU.ActiveCfg = Debug|Any CPU
		{A915539D-288E-47D6-9250-D65187E4FCEE}.Debug|Any CPU.Build.0 = Debug|Any CPU
		{A915539D-288E-47D6-9250-D65187E4FCEE}.Release|Any CPU.ActiveCfg = Release|Any CPU
		{A915539D-288E-47D6-9250-D65187E4FCEE}.Release|Any CPU.Build.0 = Release|Any CPU
		{A61AB94F-3A06-42D9-BE9E-BC7BF57CA1CA}.Debug|Any CPU.ActiveCfg = Debug|Any CPU
		{A61AB94F-3A06-42D9-BE9E-BC7BF57CA1CA}.Debug|Any CPU.Build.0 = Debug|Any CPU
		{A61AB94F-3A06-42D9-BE9E-BC7BF57CA1CA}.Release|Any CPU.ActiveCfg = Release|Any CPU
		{A61AB94F-3A06-42D9-BE9E-BC7BF57CA1CA}.Release|Any CPU.Build.0 = Release|Any CPU
		{6594F5DD-C735-42C7-BB74-2F6F6C6E8B05}.Debug|Any CPU.ActiveCfg = Debug|Any CPU
		{6594F5DD-C735-42C7-BB74-2F6F6C6E8B05}.Debug|Any CPU.Build.0 = Debug|Any CPU
		{6594F5DD-C735-42C7-BB74-2F6F6C6E8B05}.Release|Any CPU.ActiveCfg = Release|Any CPU
		{6594F5DD-C735-42C7-BB74-2F6F6C6E8B05}.Release|Any CPU.Build.0 = Release|Any CPU
		{351F13FD-969B-4E5B-899D-90D4E8C84736}.Debug|Any CPU.ActiveCfg = Debug|Any CPU
		{351F13FD-969B-4E5B-899D-90D4E8C84736}.Debug|Any CPU.Build.0 = Debug|Any CPU
		{351F13FD-969B-4E5B-899D-90D4E8C84736}.Release|Any CPU.ActiveCfg = Release|Any CPU
		{351F13FD-969B-4E5B-899D-90D4E8C84736}.Release|Any CPU.Build.0 = Release|Any CPU
		{19A4F3C5-BDF9-4A83-9B3F-1C176A9B69BD}.Debug|Any CPU.ActiveCfg = Debug|Any CPU
		{19A4F3C5-BDF9-4A83-9B3F-1C176A9B69BD}.Debug|Any CPU.Build.0 = Debug|Any CPU
		{19A4F3C5-BDF9-4A83-9B3F-1C176A9B69BD}.Release|Any CPU.ActiveCfg = Release|Any CPU
		{19A4F3C5-BDF9-4A83-9B3F-1C176A9B69BD}.Release|Any CPU.Build.0 = Release|Any CPU
		{7B6A1F62-CD51-4C2C-829F-7CE6F5583537}.Debug|Any CPU.ActiveCfg = Debug|Any CPU
		{7B6A1F62-CD51-4C2C-829F-7CE6F5583537}.Debug|Any CPU.Build.0 = Debug|Any CPU
		{7B6A1F62-CD51-4C2C-829F-7CE6F5583537}.Release|Any CPU.ActiveCfg = Release|Any CPU
		{7B6A1F62-CD51-4C2C-829F-7CE6F5583537}.Release|Any CPU.Build.0 = Release|Any CPU
		{992F3C27-CA41-4416-A71C-B744773EE0E3}.Debug|Any CPU.ActiveCfg = Debug|Any CPU
		{992F3C27-CA41-4416-A71C-B744773EE0E3}.Debug|Any CPU.Build.0 = Debug|Any CPU
		{992F3C27-CA41-4416-A71C-B744773EE0E3}.Release|Any CPU.ActiveCfg = Release|Any CPU
		{992F3C27-CA41-4416-A71C-B744773EE0E3}.Release|Any CPU.Build.0 = Release|Any CPU
		{57D77567-BF7C-40C7-8A8E-AF272B186B16}.Debug|Any CPU.ActiveCfg = Debug|Any CPU
		{57D77567-BF7C-40C7-8A8E-AF272B186B16}.Debug|Any CPU.Build.0 = Debug|Any CPU
		{57D77567-BF7C-40C7-8A8E-AF272B186B16}.Release|Any CPU.ActiveCfg = Release|Any CPU
		{57D77567-BF7C-40C7-8A8E-AF272B186B16}.Release|Any CPU.Build.0 = Release|Any CPU
	EndGlobalSection
	GlobalSection(SolutionProperties) = preSolution
		HideSolutionNode = FALSE
	EndGlobalSection
	GlobalSection(NestedProjects) = preSolution
		{A915539D-288E-47D6-9250-D65187E4FCEE} = {ED7860F7-46FC-4D9D-BE4D-B76EB572C92A}
		{A61AB94F-3A06-42D9-BE9E-BC7BF57CA1CA} = {ED7860F7-46FC-4D9D-BE4D-B76EB572C92A}
		{6594F5DD-C735-42C7-BB74-2F6F6C6E8B05} = {ED7860F7-46FC-4D9D-BE4D-B76EB572C92A}
		{351F13FD-969B-4E5B-899D-90D4E8C84736} = {ED7860F7-46FC-4D9D-BE4D-B76EB572C92A}
		{19A4F3C5-BDF9-4A83-9B3F-1C176A9B69BD} = {ED7860F7-46FC-4D9D-BE4D-B76EB572C92A}
		{7B6A1F62-CD51-4C2C-829F-7CE6F5583537} = {ED7860F7-46FC-4D9D-BE4D-B76EB572C92A}
		{992F3C27-CA41-4416-A71C-B744773EE0E3} = {ED7860F7-46FC-4D9D-BE4D-B76EB572C92A}
		{57D77567-BF7C-40C7-8A8E-AF272B186B16} = {ED7860F7-46FC-4D9D-BE4D-B76EB572C92A}
	EndGlobalSection
EndGlobal
